<?xml version="1.0" encoding="utf-8"?>
<Project ToolsVersion="4.0" xmlns="http://schemas.microsoft.com/developer/msbuild/2003">
  <ItemGroup>
    <Filter Include="ScrapEngine">
      <UniqueIdentifier>{F4FE5973-60B4-D268-E9A8-CC3F555DC96C}</UniqueIdentifier>
    </Filter>
    <Filter Include="ScrapEngine\Events">
      <UniqueIdentifier>{58D0A460-44B4-65B6-AD14-600999175038}</UniqueIdentifier>
    </Filter>
  </ItemGroup>
  <ItemGroup>
    <ClInclude Include="src\ScrapEngine.h" />
    <ClInclude Include="src\ScrapEngine\Application.h">
      <Filter>ScrapEngine</Filter>
    </ClInclude>
    <ClInclude Include="src\ScrapEngine\Core.h">
      <Filter>ScrapEngine</Filter>
    </ClInclude>
    <ClInclude Include="src\ScrapEngine\EntryPoint.h">
      <Filter>ScrapEngine</Filter>
    </ClInclude>
    <ClInclude Include="src\ScrapEngine\Events\ApplicationEvent.h">
      <Filter>ScrapEngine\Events</Filter>
    </ClInclude>
    <ClInclude Include="src\ScrapEngine\Events\Event.h">
      <Filter>ScrapEngine\Events</Filter>
    </ClInclude>
    <ClInclude Include="src\ScrapEngine\Events\KeyEvent.h">
      <Filter>ScrapEngine\Events</Filter>
    </ClInclude>
    <ClInclude Include="src\ScrapEngine\Events\MouseEvent.h">
      <Filter>ScrapEngine\Events</Filter>
    </ClInclude>
    <ClInclude Include="src\ScrapEngine\Log.h">
      <Filter>ScrapEngine</Filter>
    </ClInclude>
    <ClInclude Include="src\sepch.h" />
    <ClInclude Include="src\ScrapEngine\Window.h" />
    <ClInclude Include="src\Platform\Windows\WindowsWindow.h" />
  </ItemGroup>
  <ItemGroup>
    <ClCompile Include="src\ScrapEngine\Application.cpp">
      <Filter>ScrapEngine</Filter>
    </ClCompile>
    <ClCompile Include="src\ScrapEngine\Log.cpp">
      <Filter>ScrapEngine</Filter>
    </ClCompile>
    <ClCompile Include="src\sepch.cpp" />
    <ClCompile Include="src\Platform\Windows\WindowsWindow.cpp" />
  </ItemGroup>
</Project>